
Microsoft Visual Studio Solution File, Format Version 12.00
# Visual Studio Version 17
VisualStudioVersion = 17.9.34723.18
MinimumVisualStudioVersion = 10.0.40219.1
Project("{FAE04EC0-301F-11D3-BF4B-00C04F79EFBC}") = "MauiApp4", "MauiApp4\MauiApp4.csproj", "{90A49777-BA4F-4435-B954-342DBCB9BEEB}"
EndProject
Project("{2150E333-8FDC-42A3-9474-1A3956D46DE8}") = "솔루션 항목", "솔루션 항목", "{9598B022-BA9D-4473-9152-B8432493F9BE}"
	ProjectSection(SolutionItems) = preProject
		README.md = README.md
	EndProjectSection
EndProject
Global
	GlobalSection(SolutionConfigurationPlatforms) = preSolution
		Debug|Any CPU = Debug|Any CPU
		Release|Any CPU = Release|Any CPU
	EndGlobalSection
	GlobalSection(ProjectConfigurationPlatforms) = postSolution
		{90A49777-BA4F-4435-B954-342DBCB9BEEB}.Debug|Any CPU.ActiveCfg = Debug|Any CPU
		{90A49777-BA4F-4435-B954-342DBCB9BEEB}.Debug|Any CPU.Build.0 = Debug|Any CPU
		{90A49777-BA4F-4435-B954-342DBCB9BEEB}.Debug|Any CPU.Deploy.0 = Debug|Any CPU
		{90A49777-BA4F-4435-B954-342DBCB9BEEB}.Release|Any CPU.ActiveCfg = Release|Any CPU
		{90A49777-BA4F-4435-B954-342DBCB9BEEB}.Release|Any CPU.Build.0 = Release|Any CPU
		{90A49777-BA4F-4435-B954-342DBCB9BEEB}.Release|Any CPU.Deploy.0 = Release|Any CPU
	EndGlobalSection
	GlobalSection(SolutionProperties) = preSolution
		HideSolutionNode = FALSE
	EndGlobalSection
	GlobalSection(ExtensibilityGlobals) = postSolution
		SolutionGuid = {3413D580-9294-4F00-9B62-352828553E88}
	EndGlobalSection
EndGlobal
